
Microsoft Visual Studio Solution File, Format Version 12.00
# Visual Studio 15
VisualStudioVersion = 15.0.27703.2035
MinimumVisualStudioVersion = 10.0.40219.1
Project("{9A19103F-16F7-4668-BE54-9A1E7A4F7556}") = "DigitalLibrary.API", "DigitalLibrary.API\DigitalLibrary.API.csproj", "{225F97E1-DFC9-48CA-B29B-F398135BC287}"
EndProject
Project("{9A19103F-16F7-4668-BE54-9A1E7A4F7556}") = "DigitalLibrary.Logic", "DigitalLibrary.Logic\DigitalLibrary.Logic.csproj", "{33B125C2-B3D6-49A8-AAF8-7723F8815352}"
EndProject
Project("{FAE04EC0-301F-11D3-BF4B-00C04F79EFBC}") = "DigitalLibrary.DAL.Core", "DigitalLibrary.DAL.Core\DigitalLibrary.DAL.Core.csproj", "{45532E2A-CF84-455E-8988-586A0C2E6B33}"
EndProject
Global
	GlobalSection(SolutionConfigurationPlatforms) = preSolution
		Debug|Any CPU = Debug|Any CPU
		Release|Any CPU = Release|Any CPU
	EndGlobalSection
	GlobalSection(ProjectConfigurationPlatforms) = postSolution
		{225F97E1-DFC9-48CA-B29B-F398135BC287}.Debug|Any CPU.ActiveCfg = Debug|Any CPU
		{225F97E1-DFC9-48CA-B29B-F398135BC287}.Debug|Any CPU.Build.0 = Debug|Any CPU
		{225F97E1-DFC9-48CA-B29B-F398135BC287}.Release|Any CPU.ActiveCfg = Release|Any CPU
		{225F97E1-DFC9-48CA-B29B-F398135BC287}.Release|Any CPU.Build.0 = Release|Any CPU
		{33B125C2-B3D6-49A8-AAF8-7723F8815352}.Debug|Any CPU.ActiveCfg = Debug|Any CPU
		{33B125C2-B3D6-49A8-AAF8-7723F8815352}.Debug|Any CPU.Build.0 = Debug|Any CPU
		{33B125C2-B3D6-49A8-AAF8-7723F8815352}.Release|Any CPU.ActiveCfg = Release|Any CPU
		{33B125C2-B3D6-49A8-AAF8-7723F8815352}.Release|Any CPU.Build.0 = Release|Any CPU
		{45532E2A-CF84-455E-8988-586A0C2E6B33}.Debug|Any CPU.ActiveCfg = Debug|Any CPU
		{45532E2A-CF84-455E-8988-586A0C2E6B33}.Debug|Any CPU.Build.0 = Debug|Any CPU
		{45532E2A-CF84-455E-8988-586A0C2E6B33}.Release|Any CPU.ActiveCfg = Release|Any CPU
		{45532E2A-CF84-455E-8988-586A0C2E6B33}.Release|Any CPU.Build.0 = Release|Any CPU
	EndGlobalSection
	GlobalSection(SolutionProperties) = preSolution
		HideSolutionNode = FALSE
	EndGlobalSection
	GlobalSection(ExtensibilityGlobals) = postSolution
		SolutionGuid = {FF606E76-A4EC-44F2-BE5E-16B03D74D862}
	EndGlobalSection
EndGlobal
